// !$*UTF8*$!
{
	archiveVersion = 1;
	classes = {
	};
	objectVersion = 50;
	objects = {

/* Begin PBXBuildFile section */
		4B9D9591233B6EA60049C79A /* AppDelegate.swift in Sources */ = {isa = PBXBuildFile; fileRef = 4B9D9590233B6EA60049C79A /* AppDelegate.swift */; };
		4B9D9593233B6EA60049C79A /* ViewController.swift in Sources */ = {isa = PBXBuildFile; fileRef = 4B9D9592233B6EA60049C79A /* ViewController.swift */; };
		4B9D9596233B6EA60049C79A /* Main.storyboard in Resources */ = {isa = PBXBuildFile; fileRef = 4B9D9594233B6EA60049C79A /* Main.storyboard */; };
		4B9D9598233B6EA80049C79A /* Assets.xcassets in Resources */ = {isa = PBXBuildFile; fileRef = 4B9D9597233B6EA80049C79A /* Assets.xcassets */; };
		4B9D959B233B6EA80049C79A /* LaunchScreen.storyboard in Resources */ = {isa = PBXBuildFile; fileRef = 4B9D9599233B6EA80049C79A /* LaunchScreen.storyboard */; };
		4B9D95A6233B6EA80049C79A /* AMolangTests.swift in Sources */ = {isa = PBXBuildFile; fileRef = 4B9D95A5233B6EA80049C79A /* AMolangTests.swift */; };
		4B9D95B1233B6EA80049C79A /* AMolangUITests.swift in Sources */ = {isa = PBXBuildFile; fileRef = 4B9D95B0233B6EA80049C79A /* AMolangUITests.swift */; };
		4B9D95C0233B6EE70049C79A /* Intro.storyboard in Resources */ = {isa = PBXBuildFile; fileRef = 4B9D95BF233B6EE70049C79A /* Intro.storyboard */; };
		4B9D95C2233B6EF50049C79A /* IntroViewController.swift in Sources */ = {isa = PBXBuildFile; fileRef = 4B9D95C1233B6EF50049C79A /* IntroViewController.swift */; };
		4BF9E67A2341F0DC0002CB89 /* JoinViewController.swift in Sources */ = {isa = PBXBuildFile; fileRef = 4BF9E6792341F0DC0002CB89 /* JoinViewController.swift */; };
		4BF9E67C2341F0EB0002CB89 /* Join.storyboard in Resources */ = {isa = PBXBuildFile; fileRef = 4BF9E67B2341F0EB0002CB89 /* Join.storyboard */; };
		4BF9E67F2341F1B50002CB89 /* ChatViewController.swift in Sources */ = {isa = PBXBuildFile; fileRef = 4BF9E67E2341F1B40002CB89 /* ChatViewController.swift */; };
		4BF9E6812341F1BE0002CB89 /* Chat.storyboard in Resources */ = {isa = PBXBuildFile; fileRef = 4BF9E6802341F1BE0002CB89 /* Chat.storyboard */; };
		4BF9E6852341F2AD0002CB89 /* AMView.swift in Sources */ = {isa = PBXBuildFile; fileRef = 4BF9E6842341F2AD0002CB89 /* AMView.swift */; };
		4BF9E6882341F4900002CB89 /* ChatCell.swift in Sources */ = {isa = PBXBuildFile; fileRef = 4BF9E6872341F4900002CB89 /* ChatCell.swift */; };
		4BF9E68B2341FA9F0002CB89 /* UIView_extension.swift in Sources */ = {isa = PBXBuildFile; fileRef = 4BF9E68A2341FA9F0002CB89 /* UIView_extension.swift */; };
		4BF9E68E23420A050002CB89 /* APINetwork.swift in Sources */ = {isa = PBXBuildFile; fileRef = 4BF9E68D23420A050002CB89 /* APINetwork.swift */; };
		4BF9E6912342E30B0002CB89 /* Util.swift in Sources */ = {isa = PBXBuildFile; fileRef = 4BF9E6902342E30B0002CB89 /* Util.swift */; };
		4BF9E69323431D4B0002CB89 /* TabController.swift in Sources */ = {isa = PBXBuildFile; fileRef = 4BF9E69223431D4B0002CB89 /* TabController.swift */; };
		5BEDAC82621DB80CBA258033 /* Pods_AMolang.framework in Frameworks */ = {isa = PBXBuildFile; fileRef = 009770E3885B13B378619F82 /* Pods_AMolang.framework */; };
/* End PBXBuildFile section */

/* Begin PBXContainerItemProxy section */
		4B9D95A2233B6EA80049C79A /* PBXContainerItemProxy */ = {
			isa = PBXContainerItemProxy;
			containerPortal = 4B9D9585233B6EA60049C79A /* Project object */;
			proxyType = 1;
			remoteGlobalIDString = 4B9D958C233B6EA60049C79A;
			remoteInfo = AMolang;
		};
		4B9D95AD233B6EA80049C79A /* PBXContainerItemProxy */ = {
			isa = PBXContainerItemProxy;
			containerPortal = 4B9D9585233B6EA60049C79A /* Project object */;
			proxyType = 1;
			remoteGlobalIDString = 4B9D958C233B6EA60049C79A;
			remoteInfo = AMolang;
		};
/* End PBXContainerItemProxy section */

/* Begin PBXFileReference section */
		009770E3885B13B378619F82 /* Pods_AMolang.framework */ = {isa = PBXFileReference; explicitFileType = wrapper.framework; includeInIndex = 0; path = Pods_AMolang.framework; sourceTree = BUILT_PRODUCTS_DIR; };
		3765FD1579BB7BC06FA1F932 /* Pods-AMolang.release.xcconfig */ = {isa = PBXFileReference; includeInIndex = 1; lastKnownFileType = text.xcconfig; name = "Pods-AMolang.release.xcconfig"; path = "Target Support Files/Pods-AMolang/Pods-AMolang.release.xcconfig"; sourceTree = "<group>"; };
		4B9D958D233B6EA60049C79A /* AMolang.app */ = {isa = PBXFileReference; explicitFileType = wrapper.application; includeInIndex = 0; path = AMolang.app; sourceTree = BUILT_PRODUCTS_DIR; };
		4B9D9590233B6EA60049C79A /* AppDelegate.swift */ = {isa = PBXFileReference; lastKnownFileType = sourcecode.swift; path = AppDelegate.swift; sourceTree = "<group>"; };
		4B9D9592233B6EA60049C79A /* ViewController.swift */ = {isa = PBXFileReference; lastKnownFileType = sourcecode.swift; path = ViewController.swift; sourceTree = "<group>"; };
		4B9D9595233B6EA60049C79A /* Base */ = {isa = PBXFileReference; lastKnownFileType = file.storyboard; name = Base; path = Base.lproj/Main.storyboard; sourceTree = "<group>"; };
		4B9D9597233B6EA80049C79A /* Assets.xcassets */ = {isa = PBXFileReference; lastKnownFileType = folder.assetcatalog; path = Assets.xcassets; sourceTree = "<group>"; };
		4B9D959A233B6EA80049C79A /* Base */ = {isa = PBXFileReference; lastKnownFileType = file.storyboard; name = Base; path = Base.lproj/LaunchScreen.storyboard; sourceTree = "<group>"; };
		4B9D959C233B6EA80049C79A /* Info.plist */ = {isa = PBXFileReference; lastKnownFileType = text.plist.xml; path = Info.plist; sourceTree = "<group>"; };
		4B9D95A1233B6EA80049C79A /* AMolangTests.xctest */ = {isa = PBXFileReference; explicitFileType = wrapper.cfbundle; includeInIndex = 0; path = AMolangTests.xctest; sourceTree = BUILT_PRODUCTS_DIR; };
		4B9D95A5233B6EA80049C79A /* AMolangTests.swift */ = {isa = PBXFileReference; lastKnownFileType = sourcecode.swift; path = AMolangTests.swift; sourceTree = "<group>"; };
		4B9D95A7233B6EA80049C79A /* Info.plist */ = {isa = PBXFileReference; lastKnownFileType = text.plist.xml; path = Info.plist; sourceTree = "<group>"; };
		4B9D95AC233B6EA80049C79A /* AMolangUITests.xctest */ = {isa = PBXFileReference; explicitFileType = wrapper.cfbundle; includeInIndex = 0; path = AMolangUITests.xctest; sourceTree = BUILT_PRODUCTS_DIR; };
		4B9D95B0233B6EA80049C79A /* AMolangUITests.swift */ = {isa = PBXFileReference; lastKnownFileType = sourcecode.swift; path = AMolangUITests.swift; sourceTree = "<group>"; };
		4B9D95B2233B6EA80049C79A /* Info.plist */ = {isa = PBXFileReference; lastKnownFileType = text.plist.xml; path = Info.plist; sourceTree = "<group>"; };
		4B9D95BF233B6EE70049C79A /* Intro.storyboard */ = {isa = PBXFileReference; lastKnownFileType = file.storyboard; path = Intro.storyboard; sourceTree = "<group>"; };
		4B9D95C1233B6EF50049C79A /* IntroViewController.swift */ = {isa = PBXFileReference; lastKnownFileType = sourcecode.swift; path = IntroViewController.swift; sourceTree = "<group>"; };
		4BF9E6792341F0DC0002CB89 /* JoinViewController.swift */ = {isa = PBXFileReference; lastKnownFileType = sourcecode.swift; path = JoinViewController.swift; sourceTree = "<group>"; };
		4BF9E67B2341F0EB0002CB89 /* Join.storyboard */ = {isa = PBXFileReference; lastKnownFileType = file.storyboard; path = Join.storyboard; sourceTree = "<group>"; };
		4BF9E67E2341F1B40002CB89 /* ChatViewController.swift */ = {isa = PBXFileReference; lastKnownFileType = sourcecode.swift; path = ChatViewController.swift; sourceTree = "<group>"; };
		4BF9E6802341F1BE0002CB89 /* Chat.storyboard */ = {isa = PBXFileReference; lastKnownFileType = file.storyboard; path = Chat.storyboard; sourceTree = "<group>"; };
		4BF9E6842341F2AD0002CB89 /* AMView.swift */ = {isa = PBXFileReference; lastKnownFileType = sourcecode.swift; path = AMView.swift; sourceTree = "<group>"; };
		4BF9E6872341F4900002CB89 /* ChatCell.swift */ = {isa = PBXFileReference; lastKnownFileType = sourcecode.swift; path = ChatCell.swift; sourceTree = "<group>"; };
		4BF9E68A2341FA9F0002CB89 /* UIView_extension.swift */ = {isa = PBXFileReference; lastKnownFileType = sourcecode.swift; path = UIView_extension.swift; sourceTree = "<group>"; };
		4BF9E68D23420A050002CB89 /* APINetwork.swift */ = {isa = PBXFileReference; lastKnownFileType = sourcecode.swift; path = APINetwork.swift; sourceTree = "<group>"; };
		4BF9E6902342E30B0002CB89 /* Util.swift */ = {isa = PBXFileReference; lastKnownFileType = sourcecode.swift; path = Util.swift; sourceTree = "<group>"; };
		4BF9E69223431D4B0002CB89 /* TabController.swift */ = {isa = PBXFileReference; lastKnownFileType = sourcecode.swift; path = TabController.swift; sourceTree = "<group>"; };
		A72117DE51D9A98C143C9C6C /* Pods-AMolang.debug.xcconfig */ = {isa = PBXFileReference; includeInIndex = 1; lastKnownFileType = text.xcconfig; name = "Pods-AMolang.debug.xcconfig"; path = "Target Support Files/Pods-AMolang/Pods-AMolang.debug.xcconfig"; sourceTree = "<group>"; };
/* End PBXFileReference section */

/* Begin PBXFrameworksBuildPhase section */
		4B9D958A233B6EA60049C79A /* Frameworks */ = {
			isa = PBXFrameworksBuildPhase;
			buildActionMask = 2147483647;
			files = (
				5BEDAC82621DB80CBA258033 /* Pods_AMolang.framework in Frameworks */,
			);
			runOnlyForDeploymentPostprocessing = 0;
		};
		4B9D959E233B6EA80049C79A /* Frameworks */ = {
			isa = PBXFrameworksBuildPhase;
			buildActionMask = 2147483647;
			files = (
			);
			runOnlyForDeploymentPostprocessing = 0;
		};
		4B9D95A9233B6EA80049C79A /* Frameworks */ = {
			isa = PBXFrameworksBuildPhase;
			buildActionMask = 2147483647;
			files = (
			);
			runOnlyForDeploymentPostprocessing = 0;
		};
/* End PBXFrameworksBuildPhase section */

/* Begin PBXGroup section */
		4B9D9584233B6EA60049C79A = {
			isa = PBXGroup;
			children = (
				4B9D958F233B6EA60049C79A /* AMolang */,
				4B9D95A4233B6EA80049C79A /* AMolangTests */,
				4B9D95AF233B6EA80049C79A /* AMolangUITests */,
				4B9D958E233B6EA60049C79A /* Products */,
				93AB1448E589CD9D4709397A /* Pods */,
				E96413571FDD1B65DE0EC0F6 /* Frameworks */,
			);
			sourceTree = "<group>";
		};
		4B9D958E233B6EA60049C79A /* Products */ = {
			isa = PBXGroup;
			children = (
				4B9D958D233B6EA60049C79A /* AMolang.app */,
				4B9D95A1233B6EA80049C79A /* AMolangTests.xctest */,
				4B9D95AC233B6EA80049C79A /* AMolangUITests.xctest */,
			);
			name = Products;
			sourceTree = "<group>";
		};
		4B9D958F233B6EA60049C79A /* AMolang */ = {
			isa = PBXGroup;
			children = (
				4BF9E68F2342E2F20002CB89 /* Common */,
				4BF9E68C234209CA0002CB89 /* Network */,
				4BF9E6892341FA670002CB89 /* Extension */,
				4BF9E6832341F27F0002CB89 /* CustomClass */,
				4BF9E6822341F2650002CB89 /* View */,
				4B9D9590233B6EA60049C79A /* AppDelegate.swift */,
				4B9D9597233B6EA80049C79A /* Assets.xcassets */,
				4B9D9599233B6EA80049C79A /* LaunchScreen.storyboard */,
				4B9D959C233B6EA80049C79A /* Info.plist */,
			);
			path = AMolang;
			sourceTree = "<group>";
		};
		4B9D95A4233B6EA80049C79A /* AMolangTests */ = {
			isa = PBXGroup;
			children = (
				4B9D95A5233B6EA80049C79A /* AMolangTests.swift */,
				4B9D95A7233B6EA80049C79A /* Info.plist */,
			);
			path = AMolangTests;
			sourceTree = "<group>";
		};
		4B9D95AF233B6EA80049C79A /* AMolangUITests */ = {
			isa = PBXGroup;
			children = (
				4B9D95B0233B6EA80049C79A /* AMolangUITests.swift */,
				4B9D95B2233B6EA80049C79A /* Info.plist */,
			);
			path = AMolangUITests;
			sourceTree = "<group>";
		};
		4B9D95BE233B6ED40049C79A /* Intro */ = {
			isa = PBXGroup;
			children = (
				4B9D95BF233B6EE70049C79A /* Intro.storyboard */,
				4B9D95C1233B6EF50049C79A /* IntroViewController.swift */,
			);
			path = Intro;
			sourceTree = "<group>";
		};
		4BBF93B7233C6719009D2CC7 /* Main */ = {
			isa = PBXGroup;
			children = (
				4B9D9594233B6EA60049C79A /* Main.storyboard */,
				4BF9E69223431D4B0002CB89 /* TabController.swift */,
				4B9D9592233B6EA60049C79A /* ViewController.swift */,
			);
			path = Main;
			sourceTree = "<group>";
		};
		4BF9E6782341F0C90002CB89 /* Join */ = {
			isa = PBXGroup;
			children = (
				4BF9E67B2341F0EB0002CB89 /* Join.storyboard */,
				4BF9E6792341F0DC0002CB89 /* JoinViewController.swift */,
			);
			path = Join;
			sourceTree = "<group>";
		};
		4BF9E67D2341F1A60002CB89 /* Chat */ = {
			isa = PBXGroup;
			children = (
				4BF9E6802341F1BE0002CB89 /* Chat.storyboard */,
				4BF9E6862341F4700002CB89 /* Cell */,
				4BF9E67E2341F1B40002CB89 /* ChatViewController.swift */,
			);
			path = Chat;
			sourceTree = "<group>";
		};
		4BF9E6822341F2650002CB89 /* View */ = {
			isa = PBXGroup;
			children = (
				4BF9E67D2341F1A60002CB89 /* Chat */,
				4BF9E6782341F0C90002CB89 /* Join */,
				4BBF93B7233C6719009D2CC7 /* Main */,
				4B9D95BE233B6ED40049C79A /* Intro */,
			);
			path = View;
			sourceTree = "<group>";
		};
		4BF9E6832341F27F0002CB89 /* CustomClass */ = {
			isa = PBXGroup;
			children = (
				4BF9E6842341F2AD0002CB89 /* AMView.swift */,
			);
			path = CustomClass;
			sourceTree = "<group>";
		};
		4BF9E6862341F4700002CB89 /* Cell */ = {
			isa = PBXGroup;
			children = (
				4BF9E6872341F4900002CB89 /* ChatCell.swift */,
			);
			path = Cell;
			sourceTree = "<group>";
		};
		4BF9E6892341FA670002CB89 /* Extension */ = {
			isa = PBXGroup;
			children = (
				4BF9E68A2341FA9F0002CB89 /* UIView_extension.swift */,
			);
			path = Extension;
			sourceTree = "<group>";
		};
		4BF9E68C234209CA0002CB89 /* Network */ = {
			isa = PBXGroup;
			children = (
				4BF9E68D23420A050002CB89 /* APINetwork.swift */,
			);
			path = Network;
			sourceTree = "<group>";
		};
		4BF9E68F2342E2F20002CB89 /* Common */ = {
			isa = PBXGroup;
			children = (
				4BF9E6902342E30B0002CB89 /* Util.swift */,
			);
			path = Common;
			sourceTree = "<group>";
		};
		93AB1448E589CD9D4709397A /* Pods */ = {
			isa = PBXGroup;
			children = (
				A72117DE51D9A98C143C9C6C /* Pods-AMolang.debug.xcconfig */,
				3765FD1579BB7BC06FA1F932 /* Pods-AMolang.release.xcconfig */,
			);
			path = Pods;
			sourceTree = "<group>";
		};
		E96413571FDD1B65DE0EC0F6 /* Frameworks */ = {
			isa = PBXGroup;
			children = (
				009770E3885B13B378619F82 /* Pods_AMolang.framework */,
			);
			name = Frameworks;
			sourceTree = "<group>";
		};
/* End PBXGroup section */

/* Begin PBXNativeTarget section */
		4B9D958C233B6EA60049C79A /* AMolang */ = {
			isa = PBXNativeTarget;
			buildConfigurationList = 4B9D95B5233B6EA80049C79A /* Build configuration list for PBXNativeTarget "AMolang" */;
			buildPhases = (
				D68172C72CA5EE61314FBD6A /* [CP] Check Pods Manifest.lock */,
				4B9D9589233B6EA60049C79A /* Sources */,
				4B9D958A233B6EA60049C79A /* Frameworks */,
				4B9D958B233B6EA60049C79A /* Resources */,
				5D8D32C89BFB56B446D2E497 /* [CP] Embed Pods Frameworks */,
			);
			buildRules = (
			);
			dependencies = (
			);
			name = AMolang;
			productName = AMolang;
			productReference = 4B9D958D233B6EA60049C79A /* AMolang.app */;
			productType = "com.apple.product-type.application";
		};
		4B9D95A0233B6EA80049C79A /* AMolangTests */ = {
			isa = PBXNativeTarget;
			buildConfigurationList = 4B9D95B8233B6EA80049C79A /* Build configuration list for PBXNativeTarget "AMolangTests" */;
			buildPhases = (
				4B9D959D233B6EA80049C79A /* Sources */,
				4B9D959E233B6EA80049C79A /* Frameworks */,
				4B9D959F233B6EA80049C79A /* Resources */,
			);
			buildRules = (
			);
			dependencies = (
				4B9D95A3233B6EA80049C79A /* PBXTargetDependency */,
			);
			name = AMolangTests;
			productName = AMolangTests;
			productReference = 4B9D95A1233B6EA80049C79A /* AMolangTests.xctest */;
			productType = "com.apple.product-type.bundle.unit-test";
		};
		4B9D95AB233B6EA80049C79A /* AMolangUITests */ = {
			isa = PBXNativeTarget;
			buildConfigurationList = 4B9D95BB233B6EA80049C79A /* Build configuration list for PBXNativeTarget "AMolangUITests" */;
			buildPhases = (
				4B9D95A8233B6EA80049C79A /* Sources */,
				4B9D95A9233B6EA80049C79A /* Frameworks */,
				4B9D95AA233B6EA80049C79A /* Resources */,
			);
			buildRules = (
			);
			dependencies = (
				4B9D95AE233B6EA80049C79A /* PBXTargetDependency */,
			);
			name = AMolangUITests;
			productName = AMolangUITests;
			productReference = 4B9D95AC233B6EA80049C79A /* AMolangUITests.xctest */;
			productType = "com.apple.product-type.bundle.ui-testing";
		};
/* End PBXNativeTarget section */

/* Begin PBXProject section */
		4B9D9585233B6EA60049C79A /* Project object */ = {
			isa = PBXProject;
			attributes = {
				LastSwiftUpdateCheck = 1030;
				LastUpgradeCheck = 1030;
				ORGANIZATIONNAME = "유영하";
				TargetAttributes = {
					4B9D958C233B6EA60049C79A = {
						CreatedOnToolsVersion = 10.3;
					};
					4B9D95A0233B6EA80049C79A = {
						CreatedOnToolsVersion = 10.3;
						TestTargetID = 4B9D958C233B6EA60049C79A;
					};
					4B9D95AB233B6EA80049C79A = {
						CreatedOnToolsVersion = 10.3;
						TestTargetID = 4B9D958C233B6EA60049C79A;
					};
				};
			};
			buildConfigurationList = 4B9D9588233B6EA60049C79A /* Build configuration list for PBXProject "AMolang" */;
			compatibilityVersion = "Xcode 9.3";
			developmentRegion = en;
			hasScannedForEncodings = 0;
			knownRegions = (
				en,
				Base,
			);
			mainGroup = 4B9D9584233B6EA60049C79A;
			productRefGroup = 4B9D958E233B6EA60049C79A /* Products */;
			projectDirPath = "";
			projectRoot = "";
			targets = (
				4B9D958C233B6EA60049C79A /* AMolang */,
				4B9D95A0233B6EA80049C79A /* AMolangTests */,
				4B9D95AB233B6EA80049C79A /* AMolangUITests */,
			);
		};
/* End PBXProject section */

/* Begin PBXResourcesBuildPhase section */
		4B9D958B233B6EA60049C79A /* Resources */ = {
			isa = PBXResourcesBuildPhase;
			buildActionMask = 2147483647;
			files = (
				4BF9E6812341F1BE0002CB89 /* Chat.storyboard in Resources */,
				4B9D959B233B6EA80049C79A /* LaunchScreen.storyboard in Resources */,
				4B9D9598233B6EA80049C79A /* Assets.xcassets in Resources */,
				4B9D9596233B6EA60049C79A /* Main.storyboard in Resources */,
				4B9D95C0233B6EE70049C79A /* Intro.storyboard in Resources */,
				4BF9E67C2341F0EB0002CB89 /* Join.storyboard in Resources */,
			);
			runOnlyForDeploymentPostprocessing = 0;
		};
		4B9D959F233B6EA80049C79A /* Resources */ = {
			isa = PBXResourcesBuildPhase;
			buildActionMask = 2147483647;
			files = (
			);
			runOnlyForDeploymentPostprocessing = 0;
		};
		4B9D95AA233B6EA80049C79A /* Resources */ = {
			isa = PBXResourcesBuildPhase;
			buildActionMask = 2147483647;
			files = (
			);
			runOnlyForDeploymentPostprocessing = 0;
		};
/* End PBXResourcesBuildPhase section */

/* Begin PBXShellScriptBuildPhase section */
		5D8D32C89BFB56B446D2E497 /* [CP] Embed Pods Frameworks */ = {
			isa = PBXShellScriptBuildPhase;
			buildActionMask = 2147483647;
			files = (
			);
			inputFileListPaths = (
			);
			inputPaths = (
				"${PODS_ROOT}/Target Support Files/Pods-AMolang/Pods-AMolang-frameworks.sh",
				"${BUILT_PRODUCTS_DIR}/Alamofire/Alamofire.framework",
				"${BUILT_PRODUCTS_DIR}/Realm/Realm.framework",
				"${BUILT_PRODUCTS_DIR}/RealmSwift/RealmSwift.framework",
			);
			name = "[CP] Embed Pods Frameworks";
			outputFileListPaths = (
			);
			outputPaths = (
				"${TARGET_BUILD_DIR}/${FRAMEWORKS_FOLDER_PATH}/Alamofire.framework",
				"${TARGET_BUILD_DIR}/${FRAMEWORKS_FOLDER_PATH}/Realm.framework",
				"${TARGET_BUILD_DIR}/${FRAMEWORKS_FOLDER_PATH}/RealmSwift.framework",
			);
			runOnlyForDeploymentPostprocessing = 0;
			shellPath = /bin/sh;
			shellScript = "\"${PODS_ROOT}/Target Support Files/Pods-AMolang/Pods-AMolang-frameworks.sh\"\n";
			showEnvVarsInLog = 0;
		};
		D68172C72CA5EE61314FBD6A /* [CP] Check Pods Manifest.lock */ = {
			isa = PBXShellScriptBuildPhase;
			buildActionMask = 2147483647;
			files = (
			);
			inputFileListPaths = (
			);
			inputPaths = (
				"${PODS_PODFILE_DIR_PATH}/Podfile.lock",
				"${PODS_ROOT}/Manifest.lock",
			);
			name = "[CP] Check Pods Manifest.lock";
			outputFileListPaths = (
			);
			outputPaths = (
				"$(DERIVED_FILE_DIR)/Pods-AMolang-checkManifestLockResult.txt",
			);
			runOnlyForDeploymentPostprocessing = 0;
			shellPath = /bin/sh;
			shellScript = "diff \"${PODS_PODFILE_DIR_PATH}/Podfile.lock\" \"${PODS_ROOT}/Manifest.lock\" > /dev/null\nif [ $? != 0 ] ; then\n    # print error to STDERR\n    echo \"error: The sandbox is not in sync with the Podfile.lock. Run 'pod install' or update your CocoaPods installation.\" >&2\n    exit 1\nfi\n# This output is used by Xcode 'outputs' to avoid re-running this script phase.\necho \"SUCCESS\" > \"${SCRIPT_OUTPUT_FILE_0}\"\n";
			showEnvVarsInLog = 0;
		};
/* End PBXShellScriptBuildPhase section */

/* Begin PBXSourcesBuildPhase section */
		4B9D9589233B6EA60049C79A /* Sources */ = {
			isa = PBXSourcesBuildPhase;
			buildActionMask = 2147483647;
			files = (
				4B9D95C2233B6EF50049C79A /* IntroViewController.swift in Sources */,
				4B9D9593233B6EA60049C79A /* ViewController.swift in Sources */,
				4BF9E6852341F2AD0002CB89 /* AMView.swift in Sources */,
				4BF9E67A2341F0DC0002CB89 /* JoinViewController.swift in Sources */,
				4BF9E69323431D4B0002CB89 /* TabController.swift in Sources */,
				4BF9E6882341F4900002CB89 /* ChatCell.swift in Sources */,
				4BF9E67F2341F1B50002CB89 /* ChatViewController.swift in Sources */,
				4BF9E68B2341FA9F0002CB89 /* UIView_extension.swift in Sources */,
				4BF9E6912342E30B0002CB89 /* Util.swift in Sources */,
				4B9D9591233B6EA60049C79A /* AppDelegate.swift in Sources */,
				4BF9E68E23420A050002CB89 /* APINetwork.swift in Sources */,
			);
			runOnlyForDeploymentPostprocessing = 0;
		};
		4B9D959D233B6EA80049C79A /* Sources */ = {
			isa = PBXSourcesBuildPhase;
			buildActionMask = 2147483647;
			files = (
				4B9D95A6233B6EA80049C79A /* AMolangTests.swift in Sources */,
			);
			runOnlyForDeploymentPostprocessing = 0;
		};
		4B9D95A8233B6EA80049C79A /* Sources */ = {
			isa = PBXSourcesBuildPhase;
			buildActionMask = 2147483647;
			files = (
				4B9D95B1233B6EA80049C79A /* AMolangUITests.swift in Sources */,
			);
			runOnlyForDeploymentPostprocessing = 0;
		};
/* End PBXSourcesBuildPhase section */

/* Begin PBXTargetDependency section */
		4B9D95A3233B6EA80049C79A /* PBXTargetDependency */ = {
			isa = PBXTargetDependency;
			target = 4B9D958C233B6EA60049C79A /* AMolang */;
			targetProxy = 4B9D95A2233B6EA80049C79A /* PBXContainerItemProxy */;
		};
		4B9D95AE233B6EA80049C79A /* PBXTargetDependency */ = {
			isa = PBXTargetDependency;
			target = 4B9D958C233B6EA60049C79A /* AMolang */;
			targetProxy = 4B9D95AD233B6EA80049C79A /* PBXContainerItemProxy */;
		};
/* End PBXTargetDependency section */

/* Begin PBXVariantGroup section */
		4B9D9594233B6EA60049C79A /* Main.storyboard */ = {
			isa = PBXVariantGroup;
			children = (
				4B9D9595233B6EA60049C79A /* Base */,
			);
			name = Main.storyboard;
			sourceTree = "<group>";
		};
		4B9D9599233B6EA80049C79A /* LaunchScreen.storyboard */ = {
			isa = PBXVariantGroup;
			children = (
				4B9D959A233B6EA80049C79A /* Base */,
			);
			name = LaunchScreen.storyboard;
			sourceTree = "<group>";
		};
/* End PBXVariantGroup section */

/* Begin XCBuildConfiguration section */
		4B9D95B3233B6EA80049C79A /* Debug */ = {
			isa = XCBuildConfiguration;
			buildSettings = {
				ALWAYS_SEARCH_USER_PATHS = NO;
				CLANG_ANALYZER_NONNULL = YES;
				CLANG_ANALYZER_NUMBER_OBJECT_CONVERSION = YES_AGGRESSIVE;
				CLANG_CXX_LANGUAGE_STANDARD = "gnu++14";
				CLANG_CXX_LIBRARY = "libc++";
				CLANG_ENABLE_MODULES = YES;
				CLANG_ENABLE_OBJC_ARC = YES;
				CLANG_ENABLE_OBJC_WEAK = YES;
				CLANG_WARN_BLOCK_CAPTURE_AUTORELEASING = YES;
				CLANG_WARN_BOOL_CONVERSION = YES;
				CLANG_WARN_COMMA = YES;
				CLANG_WARN_CONSTANT_CONVERSION = YES;
				CLANG_WARN_DEPRECATED_OBJC_IMPLEMENTATIONS = YES;
				CLANG_WARN_DIRECT_OBJC_ISA_USAGE = YES_ERROR;
				CLANG_WARN_DOCUMENTATION_COMMENTS = YES;
				CLANG_WARN_EMPTY_BODY = YES;
				CLANG_WARN_ENUM_CONVERSION = YES;
				CLANG_WARN_INFINITE_RECURSION = YES;
				CLANG_WARN_INT_CONVERSION = YES;
				CLANG_WARN_NON_LITERAL_NULL_CONVERSION = YES;
				CLANG_WARN_OBJC_IMPLICIT_RETAIN_SELF = YES;
				CLANG_WARN_OBJC_LITERAL_CONVERSION = YES;
				CLANG_WARN_OBJC_ROOT_CLASS = YES_ERROR;
				CLANG_WARN_RANGE_LOOP_ANALYSIS = YES;
				CLANG_WARN_STRICT_PROTOTYPES = YES;
				CLANG_WARN_SUSPICIOUS_MOVE = YES;
				CLANG_WARN_UNGUARDED_AVAILABILITY = YES_AGGRESSIVE;
				CLANG_WARN_UNREACHABLE_CODE = YES;
				CLANG_WARN__DUPLICATE_METHOD_MATCH = YES;
				CODE_SIGN_IDENTITY = "iPhone Developer";
				COPY_PHASE_STRIP = NO;
				DEBUG_INFORMATION_FORMAT = dwarf;
				ENABLE_STRICT_OBJC_MSGSEND = YES;
				ENABLE_TESTABILITY = YES;
				GCC_C_LANGUAGE_STANDARD = gnu11;
				GCC_DYNAMIC_NO_PIC = NO;
				GCC_NO_COMMON_BLOCKS = YES;
				GCC_OPTIMIZATION_LEVEL = 0;
				GCC_PREPROCESSOR_DEFINITIONS = (
					"DEBUG=1",
					"$(inherited)",
				);
				GCC_WARN_64_TO_32_BIT_CONVERSION = YES;
				GCC_WARN_ABOUT_RETURN_TYPE = YES_ERROR;
				GCC_WARN_UNDECLARED_SELECTOR = YES;
				GCC_WARN_UNINITIALIZED_AUTOS = YES_AGGRESSIVE;
				GCC_WARN_UNUSED_FUNCTION = YES;
				GCC_WARN_UNUSED_VARIABLE = YES;
				IPHONEOS_DEPLOYMENT_TARGET = 12.4;
				MTL_ENABLE_DEBUG_INFO = INCLUDE_SOURCE;
				MTL_FAST_MATH = YES;
				ONLY_ACTIVE_ARCH = YES;
				SDKROOT = iphoneos;
				SWIFT_ACTIVE_COMPILATION_CONDITIONS = DEBUG;
				SWIFT_OPTIMIZATION_LEVEL = "-Onone";
			};
			name = Debug;
		};
		4B9D95B4233B6EA80049C79A /* Release */ = {
			isa = XCBuildConfiguration;
			buildSettings = {
				ALWAYS_SEARCH_USER_PATHS = NO;
				CLANG_ANALYZER_NONNULL = YES;
				CLANG_ANALYZER_NUMBER_OBJECT_CONVERSION = YES_AGGRESSIVE;
				CLANG_CXX_LANGUAGE_STANDARD = "gnu++14";
				CLANG_CXX_LIBRARY = "libc++";
				CLANG_ENABLE_MODULES = YES;
				CLANG_ENABLE_OBJC_ARC = YES;
				CLANG_ENABLE_OBJC_WEAK = YES;
				CLANG_WARN_BLOCK_CAPTURE_AUTORELEASING = YES;
				CLANG_WARN_BOOL_CONVERSION = YES;
				CLANG_WARN_COMMA = YES;
				CLANG_WARN_CONSTANT_CONVERSION = YES;
				CLANG_WARN_DEPRECATED_OBJC_IMPLEMENTATIONS = YES;
				CLANG_WARN_DIRECT_OBJC_ISA_USAGE = YES_ERROR;
				CLANG_WARN_DOCUMENTATION_COMMENTS = YES;
				CLANG_WARN_EMPTY_BODY = YES;
				CLANG_WARN_ENUM_CONVERSION = YES;
				CLANG_WARN_INFINITE_RECURSION = YES;
				CLANG_WARN_INT_CONVERSION = YES;
				CLANG_WARN_NON_LITERAL_NULL_CONVERSION = YES;
				CLANG_WARN_OBJC_IMPLICIT_RETAIN_SELF = YES;
				CLANG_WARN_OBJC_LITERAL_CONVERSION = YES;
				CLANG_WARN_OBJC_ROOT_CLASS = YES_ERROR;
				CLANG_WARN_RANGE_LOOP_ANALYSIS = YES;
				CLANG_WARN_STRICT_PROTOTYPES = YES;
				CLANG_WARN_SUSPICIOUS_MOVE = YES;
				CLANG_WARN_UNGUARDED_AVAILABILITY = YES_AGGRESSIVE;
				CLANG_WARN_UNREACHABLE_CODE = YES;
				CLANG_WARN__DUPLICATE_METHOD_MATCH = YES;
				CODE_SIGN_IDENTITY = "iPhone Developer";
				COPY_PHASE_STRIP = NO;
				DEBUG_INFORMATION_FORMAT = "dwarf-with-dsym";
				ENABLE_NS_ASSERTIONS = NO;
				ENABLE_STRICT_OBJC_MSGSEND = YES;
				GCC_C_LANGUAGE_STANDARD = gnu11;
				GCC_NO_COMMON_BLOCKS = YES;
				GCC_WARN_64_TO_32_BIT_CONVERSION = YES;
				GCC_WARN_ABOUT_RETURN_TYPE = YES_ERROR;
				GCC_WARN_UNDECLARED_SELECTOR = YES;
				GCC_WARN_UNINITIALIZED_AUTOS = YES_AGGRESSIVE;
				GCC_WARN_UNUSED_FUNCTION = YES;
				GCC_WARN_UNUSED_VARIABLE = YES;
				IPHONEOS_DEPLOYMENT_TARGET = 12.4;
				MTL_ENABLE_DEBUG_INFO = NO;
				MTL_FAST_MATH = YES;
				SDKROOT = iphoneos;
				SWIFT_COMPILATION_MODE = wholemodule;
				SWIFT_OPTIMIZATION_LEVEL = "-O";
				VALIDATE_PRODUCT = YES;
			};
			name = Release;
		};
		4B9D95B6233B6EA80049C79A /* Debug */ = {
			isa = XCBuildConfiguration;
			baseConfigurationReference = A72117DE51D9A98C143C9C6C /* Pods-AMolang.debug.xcconfig */;
			buildSettings = {
				ASSETCATALOG_COMPILER_APPICON_NAME = AppIcon;
				CODE_SIGN_STYLE = Automatic;
				DEVELOPMENT_TEAM = M7S2CTDGBL;
				INFOPLIST_FILE = AMolang/Info.plist;
				LD_RUNPATH_SEARCH_PATHS = (
					"$(inherited)",
					"@executable_path/Frameworks",
				);
				PRODUCT_BUNDLE_IDENTIFIER = u0ha.AMolang;
				PRODUCT_NAME = "$(TARGET_NAME)";
				SWIFT_VERSION = 5.0;
				TARGETED_DEVICE_FAMILY = "1,2";
			};
			name = Debug;
		};
		4B9D95B7233B6EA80049C79A /* Release */ = {
			isa = XCBuildConfiguration;
			baseConfigurationReference = 3765FD1579BB7BC06FA1F932 /* Pods-AMolang.release.xcconfig */;
			buildSettings = {
				ASSETCATALOG_COMPILER_APPICON_NAME = AppIcon;
				CODE_SIGN_STYLE = Automatic;
				DEVELOPMENT_TEAM = M7S2CTDGBL;
				INFOPLIST_FILE = AMolang/Info.plist;
				LD_RUNPATH_SEARCH_PATHS = (
					"$(inherited)",
					"@executable_path/Frameworks",
				);
				PRODUCT_BUNDLE_IDENTIFIER = u0ha.AMolang;
				PRODUCT_NAME = "$(TARGET_NAME)";
				SWIFT_VERSION = 5.0;
				TARGETED_DEVICE_FAMILY = "1,2";
			};
			name = Release;
		};
		4B9D95B9233B6EA80049C79A /* Debug */ = {
			isa = XCBuildConfiguration;
			buildSettings = {
				ALWAYS_EMBED_SWIFT_STANDARD_LIBRARIES = YES;
				BUNDLE_LOADER = "$(TEST_HOST)";
				CODE_SIGN_STYLE = Automatic;
				DEVELOPMENT_TEAM = M7S2CTDGBL;
				INFOPLIST_FILE = AMolangTests/Info.plist;
				LD_RUNPATH_SEARCH_PATHS = (
					"$(inherited)",
					"@executable_path/Frameworks",
					"@loader_path/Frameworks",
				);
				PRODUCT_BUNDLE_IDENTIFIER = u0ha.AMolangTests;
				PRODUCT_NAME = "$(TARGET_NAME)";
				SWIFT_VERSION = 5.0;
				TARGETED_DEVICE_FAMILY = "1,2";
				TEST_HOST = "$(BUILT_PRODUCTS_DIR)/AMolang.app/AMolang";
			};
			name = Debug;
		};
		4B9D95BA233B6EA80049C79A /* Release */ = {
			isa = XCBuildConfiguration;
			buildSettings = {
				ALWAYS_EMBED_SWIFT_STANDARD_LIBRARIES = YES;
				BUNDLE_LOADER = "$(TEST_HOST)";
				CODE_SIGN_STYLE = Automatic;
				DEVELOPMENT_TEAM = M7S2CTDGBL;
				INFOPLIST_FILE = AMolangTests/Info.plist;
				LD_RUNPATH_SEARCH_PATHS = (
					"$(inherited)",
					"@executable_path/Frameworks",
					"@loader_path/Frameworks",
				);
				PRODUCT_BUNDLE_IDENTIFIER = u0ha.AMolangTests;
				PRODUCT_NAME = "$(TARGET_NAME)";
				SWIFT_VERSION = 5.0;
				TARGETED_DEVICE_FAMILY = "1,2";
				TEST_HOST = "$(BUILT_PRODUCTS_DIR)/AMolang.app/AMolang";
			};
			name = Release;
		};
		4B9D95BC233B6EA80049C79A /* Debug */ = {
			isa = XCBuildConfiguration;
			buildSettings = {
				ALWAYS_EMBED_SWIFT_STANDARD_LIBRARIES = YES;
				CODE_SIGN_STYLE = Automatic;
				DEVELOPMENT_TEAM = M7S2CTDGBL;
				INFOPLIST_FILE = AMolangUITests/Info.plist;
				LD_RUNPATH_SEARCH_PATHS = (
					"$(inherited)",
					"@executable_path/Frameworks",
					"@loader_path/Frameworks",
				);
				PRODUCT_BUNDLE_IDENTIFIER = u0ha.AMolangUITests;
				PRODUCT_NAME = "$(TARGET_NAME)";
				SWIFT_VERSION = 5.0;
				TARGETED_DEVICE_FAMILY = "1,2";
				TEST_TARGET_NAME = AMolang;
			};
			name = Debug;
		};
		4B9D95BD233B6EA80049C79A /* Release */ = {
			isa = XCBuildConfiguration;
			buildSettings = {
				ALWAYS_EMBED_SWIFT_STANDARD_LIBRARIES = YES;
				CODE_SIGN_STYLE = Automatic;
				DEVELOPMENT_TEAM = M7S2CTDGBL;
				INFOPLIST_FILE = AMolangUITests/Info.plist;
				LD_RUNPATH_SEARCH_PATHS = (
					"$(inherited)",
					"@executable_path/Frameworks",
					"@loader_path/Frameworks",
				);
				PRODUCT_BUNDLE_IDENTIFIER = u0ha.AMolangUITests;
				PRODUCT_NAME = "$(TARGET_NAME)";
				SWIFT_VERSION = 5.0;
				TARGETED_DEVICE_FAMILY = "1,2";
				TEST_TARGET_NAME = AMolang;
			};
			name = Release;
		};
/* End XCBuildConfiguration section */

/* Begin XCConfigurationList section */
		4B9D9588233B6EA60049C79A /* Build configuration list for PBXProject "AMolang" */ = {
			isa = XCConfigurationList;
			buildConfigurations = (
				4B9D95B3233B6EA80049C79A /* Debug */,
				4B9D95B4233B6EA80049C79A /* Release */,
			);
			defaultConfigurationIsVisible = 0;
			defaultConfigurationName = Release;
		};
		4B9D95B5233B6EA80049C79A /* Build configuration list for PBXNativeTarget "AMolang" */ = {
			isa = XCConfigurationList;
			buildConfigurations = (
				4B9D95B6233B6EA80049C79A /* Debug */,
				4B9D95B7233B6EA80049C79A /* Release */,
			);
			defaultConfigurationIsVisible = 0;
			defaultConfigurationName = Release;
		};
		4B9D95B8233B6EA80049C79A /* Build configuration list for PBXNativeTarget "AMolangTests" */ = {
			isa = XCConfigurationList;
			buildConfigurations = (
				4B9D95B9233B6EA80049C79A /* Debug */,
				4B9D95BA233B6EA80049C79A /* Release */,
			);
			defaultConfigurationIsVisible = 0;
			defaultConfigurationName = Release;
		};
		4B9D95BB233B6EA80049C79A /* Build configuration list for PBXNativeTarget "AMolangUITests" */ = {
			isa = XCConfigurationList;
			buildConfigurations = (
				4B9D95BC233B6EA80049C79A /* Debug */,
				4B9D95BD233B6EA80049C79A /* Release */,
			);
			defaultConfigurationIsVisible = 0;
			defaultConfigurationName = Release;
		};
/* End XCConfigurationList section */
	};
	rootObject = 4B9D9585233B6EA60049C79A /* Project object */;
}
